PODS:
  - AVOSCloud (3.6.0)
  - AVOSCloudCrashReporting (3.6.0):
    - AVOSCloud (= 3.6.0)
    - AVOSCloudCrashReporting/_ARC (= 3.6.0)
    - AVOSCloudCrashReporting/_NOARC (= 3.6.0)
  - AVOSCloudCrashReporting/_ARC (3.6.0):
    - AVOSCloud (= 3.6.0)
    - AVOSCloudCrashReporting/_NOARC (= 3.6.0)
  - AVOSCloudCrashReporting/_NOARC (3.6.0):
    - AVOSCloud (= 3.6.0)
  - AVOSCloudIM (3.6.0):
    - AVOSCloud (= 3.6.0)
    - AVOSCloudIM/_ARC (= 3.6.0)
    - AVOSCloudIM/_NOARC (= 3.6.0)
  - AVOSCloudIM/_ARC (3.6.0):
    - AVOSCloud (= 3.6.0)
    - AVOSCloudIM/_NOARC (= 3.6.0)
  - AVOSCloudIM/_NOARC (3.6.0):
    - AVOSCloud (= 3.6.0)

DEPENDENCIES:
  - AVOSCloud
  - AVOSCloudCrashReporting
  - AVOSCloudIM

SPEC CHECKSUMS:
  AVOSCloud: be838e80e13c3247abf24d95e325b3fd515f9d12
  AVOSCloudCrashReporting: 0fe2705407f431c0d84465d72ba25b11a62b8dd6
  AVOSCloudIM: 7044ffb9c883fedb8d9055db12e4f28c5160795d

PODFILE CHECKSUM: f6d623bc828d6bf6e7a5321803267c7db1b96857

COCOAPODS: 1.1.0.rc.2
